
Microsoft Visual Studio Solution File, Format Version 12.00
# Visual Studio Version 17
VisualStudioVersion = 17.14.37111.16
MinimumVisualStudioVersion = 10.0.40219.1
Project("{FAE04EC0-301F-11D3-BF4B-00C04F79EFBC}") = "AnyDesk", "Phantom External\AnyDesk.csproj", "{15F8F889-C8B3-4424-B67E-6159B22F2D4C}"
EndProject
Global
	GlobalSection(SolutionConfigurationPlatforms) = preSolution
		Debug|Any CPU = Debug|Any CPU
		Debug|x64 = Debug|x64
		Release|Any CPU = Release|Any CPU
		Release|x64 = Release|x64
	EndGlobalSection
	GlobalSection(ProjectConfigurationPlatforms) = postSolution
		{15F8F889-C8B3-4424-B67E-6159B22F2D4C}.Debug|Any CPU.ActiveCfg = Debug|Any CPU
		{15F8F889-C8B3-4424-B67E-6159B22F2D4C}.Debug|Any CPU.Build.0 = Debug|Any CPU
		{15F8F889-C8B3-4424-B67E-6159B22F2D4C}.Debug|x64.ActiveCfg = Debug|x64
		{15F8F889-C8B3-4424-B67E-6159B22F2D4C}.Debug|x64.Build.0 = Debug|x64
		{15F8F889-C8B3-4424-B67E-6159B22F2D4C}.Release|Any CPU.ActiveCfg = Release|Any CPU
		{15F8F889-C8B3-4424-B67E-6159B22F2D4C}.Release|Any CPU.Build.0 = Release|Any CPU
		{15F8F889-C8B3-4424-B67E-6159B22F2D4C}.Release|x64.ActiveCfg = Release|x64
		{15F8F889-C8B3-4424-B67E-6159B22F2D4C}.Release|x64.Build.0 = Release|x64
	EndGlobalSection
	GlobalSection(SolutionProperties) = preSolution
		HideSolutionNode = FALSE
	EndGlobalSection
	GlobalSection(ExtensibilityGlobals) = postSolution
		SolutionGuid = {69BB8697-C373-4F60-963E-CC351B071B97}
	EndGlobalSection
EndGlobal
